
Microsoft Visual Studio Solution File, Format Version 12.00
# Visual Studio Version 17
VisualStudioVersion = 17.10.35013.160
MinimumVisualStudioVersion = 10.0.40219.1
Project("{FAE04EC0-301F-11D3-BF4B-00C04F79EFBC}") = "SendingEmail_App", "SendingEmail_App\SendingEmail_App.csproj", "{03B1C273-8362-44EC-A634-5CF5D236E19F}"
EndProject
Global
	GlobalSection(SolutionConfigurationPlatforms) = preSolution
		Debug|Any CPU = Debug|Any CPU
		Release|Any CPU = Release|Any CPU
	EndGlobalSection
	GlobalSection(ProjectConfigurationPlatforms) = postSolution
		{03B1C273-8362-44EC-A634-5CF5D236E19F}.Debug|Any CPU.ActiveCfg = Debug|Any CPU
		{03B1C273-8362-44EC-A634-5CF5D236E19F}.Debug|Any CPU.Build.0 = Debug|Any CPU
		{03B1C273-8362-44EC-A634-5CF5D236E19F}.Release|Any CPU.ActiveCfg = Release|Any CPU
		{03B1C273-8362-44EC-A634-5CF5D236E19F}.Release|Any CPU.Build.0 = Release|Any CPU
	EndGlobalSection
	GlobalSection(SolutionProperties) = preSolution
		HideSolutionNode = FALSE
	EndGlobalSection
	GlobalSection(ExtensibilityGlobals) = postSolution
		SolutionGuid = {0C3A30CB-361D-4659-A2D7-091A16095D3F}
	EndGlobalSection
EndGlobal
